
Microsoft Visual Studio Solution File, Format Version 12.00
# Visual Studio Version 17
VisualStudioVersion = 17.13.35828.75 d17.13
MinimumVisualStudioVersion = 10.0.40219.1
Project("{FAE04EC0-301F-11D3-BF4B-00C04F79EFBC}") = "CompareFiles", "CompareFiles.csproj", "{8DC8F19D-F48C-4F3E-8C42-CE6FF933748E}"
EndProject
Global
	GlobalSection(SolutionConfigurationPlatforms) = preSolution
		Debug|Any CPU = Debug|Any CPU
		Release|Any CPU = Release|Any CPU
	EndGlobalSection
	GlobalSection(ProjectConfigurationPlatforms) = postSolution
		{8DC8F19D-F48C-4F3E-8C42-CE6FF933748E}.Debug|Any CPU.ActiveCfg = Debug|Any CPU
		{8DC8F19D-F48C-4F3E-8C42-CE6FF933748E}.Debug|Any CPU.Build.0 = Debug|Any CPU
		{8DC8F19D-F48C-4F3E-8C42-CE6FF933748E}.Release|Any CPU.ActiveCfg = Release|Any CPU
		{8DC8F19D-F48C-4F3E-8C42-CE6FF933748E}.Release|Any CPU.Build.0 = Release|Any CPU
	EndGlobalSection
	GlobalSection(SolutionProperties) = preSolution
		HideSolutionNode = FALSE
	EndGlobalSection
	GlobalSection(ExtensibilityGlobals) = postSolution
		SolutionGuid = {54ED1B48-5C38-4192-81E8-CC4DB8753FE0}
	EndGlobalSection
EndGlobal
